
Microsoft Visual Studio Solution File, Format Version 12.00
# Visual Studio Version 16
VisualStudioVersion = 16.0.31321.278
MinimumVisualStudioVersion = 10.0.40219.1
Project("{9A19103F-16F7-4668-BE54-9A1E7A4F7556}") = "FisherYatesWebApp", "FisherYatesWebApp\FisherYatesWebApp.csproj", "{1FAC5E75-F0D7-4B87-B49B-37F565FB054D}"
EndProject
Project("{9A19103F-16F7-4668-BE54-9A1E7A4F7556}") = "FisherYatesTests", "FisherYatesTest\FisherYatesTests.csproj", "{86E4FF54-14B4-4F98-BCBB-4AF0ADB3F82A}"
EndProject
Global
	GlobalSection(SolutionConfigurationPlatforms) = preSolution
		Debug|Any CPU = Debug|Any CPU
		Release|Any CPU = Release|Any CPU
	EndGlobalSection
	GlobalSection(ProjectConfigurationPlatforms) = postSolution
		{1FAC5E75-F0D7-4B87-B49B-37F565FB054D}.Debug|Any CPU.ActiveCfg = Debug|Any CPU
		{1FAC5E75-F0D7-4B87-B49B-37F565FB054D}.Debug|Any CPU.Build.0 = Debug|Any CPU
		{1FAC5E75-F0D7-4B87-B49B-37F565FB054D}.Release|Any CPU.ActiveCfg = Release|Any CPU
		{1FAC5E75-F0D7-4B87-B49B-37F565FB054D}.Release|Any CPU.Build.0 = Release|Any CPU
		{86E4FF54-14B4-4F98-BCBB-4AF0ADB3F82A}.Debug|Any CPU.ActiveCfg = Debug|Any CPU
		{86E4FF54-14B4-4F98-BCBB-4AF0ADB3F82A}.Debug|Any CPU.Build.0 = Debug|Any CPU
		{86E4FF54-14B4-4F98-BCBB-4AF0ADB3F82A}.Release|Any CPU.ActiveCfg = Release|Any CPU
		{86E4FF54-14B4-4F98-BCBB-4AF0ADB3F82A}.Release|Any CPU.Build.0 = Release|Any CPU
	EndGlobalSection
	GlobalSection(SolutionProperties) = preSolution
		HideSolutionNode = FALSE
	EndGlobalSection
	GlobalSection(ExtensibilityGlobals) = postSolution
		SolutionGuid = {AC57A975-4557-4BEB-B445-E93D2AAAD494}
	EndGlobalSection
EndGlobal
